
Microsoft Visual Studio Solution File, Format Version 12.00
# Visual Studio Version 16
VisualStudioVersion = 16.0.31105.61
MinimumVisualStudioVersion = 10.0.40219.1
Project("{FAE04EC0-301F-11D3-BF4B-00C04F79EFBC}") = "zadanie 5", "zadanie 5\zadanie 5.csproj", "{AA5FBF3A-E7FC-4D0A-98BB-22CD458529DA}"
EndProject
Global
	GlobalSection(SolutionConfigurationPlatforms) = preSolution
		Debug|Any CPU = Debug|Any CPU
		Release|Any CPU = Release|Any CPU
	EndGlobalSection
	GlobalSection(ProjectConfigurationPlatforms) = postSolution
		{AA5FBF3A-E7FC-4D0A-98BB-22CD458529DA}.Debug|Any CPU.ActiveCfg = Debug|Any CPU
		{AA5FBF3A-E7FC-4D0A-98BB-22CD458529DA}.Debug|Any CPU.Build.0 = Debug|Any CPU
		{AA5FBF3A-E7FC-4D0A-98BB-22CD458529DA}.Release|Any CPU.ActiveCfg = Release|Any CPU
		{AA5FBF3A-E7FC-4D0A-98BB-22CD458529DA}.Release|Any CPU.Build.0 = Release|Any CPU
	EndGlobalSection
	GlobalSection(SolutionProperties) = preSolution
		HideSolutionNode = FALSE
	EndGlobalSection
	GlobalSection(ExtensibilityGlobals) = postSolution
		SolutionGuid = {DAAAEC7A-C0CE-4A93-95FA-B77D75C2BD62}
	EndGlobalSection
EndGlobal
