
Microsoft Visual Studio Solution File, Format Version 12.00
# Visual Studio Version 16
VisualStudioVersion = 16.0.31105.61
MinimumVisualStudioVersion = 10.0.40219.1
Project("{FAE04EC0-301F-11D3-BF4B-00C04F79EFBC}") = "pole chudes", "pole chudes\pole chudes.csproj", "{F6E36385-9A50-472C-BF24-3C3F68F49516}"
EndProject
Global
	GlobalSection(SolutionConfigurationPlatforms) = preSolution
		Debug|Any CPU = Debug|Any CPU
		Release|Any CPU = Release|Any CPU
	EndGlobalSection
	GlobalSection(ProjectConfigurationPlatforms) = postSolution
		{F6E36385-9A50-472C-BF24-3C3F68F49516}.Debug|Any CPU.ActiveCfg = Debug|Any CPU
		{F6E36385-9A50-472C-BF24-3C3F68F49516}.Debug|Any CPU.Build.0 = Debug|Any CPU
		{F6E36385-9A50-472C-BF24-3C3F68F49516}.Release|Any CPU.ActiveCfg = Release|Any CPU
		{F6E36385-9A50-472C-BF24-3C3F68F49516}.Release|Any CPU.Build.0 = Release|Any CPU
	EndGlobalSection
	GlobalSection(SolutionProperties) = preSolution
		HideSolutionNode = FALSE
	EndGlobalSection
	GlobalSection(ExtensibilityGlobals) = postSolution
		SolutionGuid = {5D776D46-73EF-46A9-9A56-91B4D758E3DC}
	EndGlobalSection
EndGlobal
